{
  "nodes": {
    "nixpkgs": {
      "locked": {
        "lastModified": 1725615945,
        "narHash": "sha256-r2xZePQ3ZNXWLF+o7f/mS/3giuMVN4fhL7G5xiFubvQ=",
        "owner": "nixos",
        "repo": "nixpkgs",
        "rev": "645018b0c4515c0a49bafbad350877e9fe6ce29c",
        "type": "github"
      },
      "original": {
        "owner": "nixos",
        "repo": "nixpkgs",
        "type": "github"
      }
    },
    "root": {
      "inputs": {
        "nixpkgs": "nixpkgs"
      }
    }
  },
  "root": "root",
  "version": 7
}
